// !$*UTF8*$!
{
	archiveVersion = 1;
	classes = {
	};
	objectVersion = 56;
	objects = {

/* Begin PBXBuildFile section */
		22514C5D01E68E0515FA9EAA /* GameCompatibilityDB+Unity.swift in Sources */ = {isa = PBXBuildFile; fileRef = 341C6A1510D9175DA42109B1 /* GameCompatibilityDB+Unity.swift */; };
		31BBDC1F93444D77B811A589 /* BootstrapManager.swift in Sources */ = {isa = PBXBuildFile; fileRef = EE9307949871471AB0E85285 /* BootstrapManager.swift */; };
		893C6023DF3C41F9A6624B1D /* CategoryStore.swift in Sources */ = {isa = PBXBuildFile; fileRef = 46B315635523C0CF2D44F9BA /* CategoryStore.swift */; };
		8B0812FC6BBB07573ED3A149 /* GameProfile.swift in Sources */ = {isa = PBXBuildFile; fileRef = D4965BA889D288764428E3E5 /* GameProfile.swift */; };
		9005918A74DB42729238EB11 /* SplashView.swift in Sources */ = {isa = PBXBuildFile; fileRef = 4F62085FF69F4F208309DA56 /* SplashView.swift */; };
		A66F492A2F6617F1005601F4 /* app-icon.icon in Resources */ = {isa = PBXBuildFile; fileRef = A66F49292F6617F1005601F4 /* app-icon.icon */; };
		AA00000001000001 /* GameCompatibilityDB.swift in Sources */ = {isa = PBXBuildFile; fileRef = AA00000001000002 /* GameCompatibilityDB.swift */; };
		AA00000002000001 /* GameStackResolver.swift in Sources */ = {isa = PBXBuildFile; fileRef = AA00000002000002 /* GameStackResolver.swift */; };
		B001000A /* MeridianApp.swift in Sources */ = {isa = PBXBuildFile; fileRef = B001000B /* MeridianApp.swift */; };
		B001000C /* AppDelegate.swift in Sources */ = {isa = PBXBuildFile; fileRef = B001000D /* AppDelegate.swift */; };
		B001000E /* SteamAuthService.swift in Sources */ = {isa = PBXBuildFile; fileRef = B001000F /* SteamAuthService.swift */; };
		B0010010 /* SteamAPIService.swift in Sources */ = {isa = PBXBuildFile; fileRef = B0010011 /* SteamAPIService.swift */; };
		B0010012 /* SteamLibraryStore.swift in Sources */ = {isa = PBXBuildFile; fileRef = B0010013 /* SteamLibraryStore.swift */; };
		B0010014 /* Game.swift in Sources */ = {isa = PBXBuildFile; fileRef = B0010015 /* Game.swift */; };
		B0010016 /* PlayerSummary.swift in Sources */ = {isa = PBXBuildFile; fileRef = B0010017 /* PlayerSummary.swift */; };
		B0010024 /* ContentView.swift in Sources */ = {isa = PBXBuildFile; fileRef = B0010025 /* ContentView.swift */; };
		B0010026 /* LibraryView.swift in Sources */ = {isa = PBXBuildFile; fileRef = B0010027 /* LibraryView.swift */; };
		B0010028 /* GameGridView.swift in Sources */ = {isa = PBXBuildFile; fileRef = B0010029 /* GameGridView.swift */; };
		B001002A /* GameDetailView.swift in Sources */ = {isa = PBXBuildFile; fileRef = B001002B /* GameDetailView.swift */; };
		B0010030 /* SettingsView.swift in Sources */ = {isa = PBXBuildFile; fileRef = B0010031 /* SettingsView.swift */; };
		B0010032 /* AuthView.swift in Sources */ = {isa = PBXBuildFile; fileRef = B0010033 /* AuthView.swift */; };
		B0010034 /* AppSettings.swift in Sources */ = {isa = PBXBuildFile; fileRef = B0010035 /* AppSettings.swift */; };
		B0010035A /* AppDetails.swift in Sources */ = {isa = PBXBuildFile; fileRef = B0010035B /* AppDetails.swift */; };
		B0010036 /* Assets.xcassets in Resources */ = {isa = PBXBuildFile; fileRef = B0010037 /* Assets.xcassets */; };
		B0010036A /* GameAchievement.swift in Sources */ = {isa = PBXBuildFile; fileRef = B0010036B /* GameAchievement.swift */; };
		B00A0001 /* GameArtOverrides.swift in Sources */ = {isa = PBXBuildFile; fileRef = B00A0002 /* GameArtOverrides.swift */; };
		B00AI001 /* SteamAppInfoResolver.swift in Sources */ = {isa = PBXBuildFile; fileRef = B00AI002 /* SteamAppInfoResolver.swift */; };
		B00D0001 /* DownloadsToolbarButton.swift in Sources */ = {isa = PBXBuildFile; fileRef = B00D0002 /* DownloadsToolbarButton.swift */; };
		7D0F0A11ABCDEF0000000001 /* FriendsPanel.swift in Sources */ = {isa = PBXBuildFile; fileRef = 7D0F0A22ABCDEF0000000002 /* FriendsPanel.swift */; };
		B00DD001 /* DepotDownloaderInstall.swift in Sources */ = {isa = PBXBuildFile; fileRef = B00DD002 /* DepotDownloaderInstall.swift */; };
		B00E0001 /* WineEngine.swift in Sources */ = {isa = PBXBuildFile; fileRef = B00E0002 /* WineEngine.swift */; };
		B00E0003 /* WinePrefix.swift in Sources */ = {isa = PBXBuildFile; fileRef = B00E0004 /* WinePrefix.swift */; };
		B00E0007 /* GameProcess.swift in Sources */ = {isa = PBXBuildFile; fileRef = B00E0008 /* GameProcess.swift */; };
		B00E0009 /* EngineSetupView.swift in Sources */ = {isa = PBXBuildFile; fileRef = B00E000A /* EngineSetupView.swift */; };
		B00E0020 /* CachedAsyncImage.swift in Sources */ = {isa = PBXBuildFile; fileRef = B00E0021 /* CachedAsyncImage.swift */; };
		B0DE0001 /* DetailTransition.swift in Sources */ = {isa = PBXBuildFile; fileRef = B0DE0002 /* DetailTransition.swift */; };
		B0DE0003 /* DetailZoomTuning.swift in Sources */ = {isa = PBXBuildFile; fileRef = B0DE0004 /* DetailZoomTuning.swift */; };
		B00E0030 /* EngineDownloader.swift in Sources */ = {isa = PBXBuildFile; fileRef = B00E0031 /* EngineDownloader.swift */; };
		B00E0040 /* TerminationCleanup.swift in Sources */ = {isa = PBXBuildFile; fileRef = B00E0041 /* TerminationCleanup.swift */; };
		B00E0050 /* SearchView.swift in Sources */ = {isa = PBXBuildFile; fileRef = B00E0051 /* SearchView.swift */; };
		B00E0060 /* SteamWebView.swift in Sources */ = {isa = PBXBuildFile; fileRef = B00E0061 /* SteamWebView.swift */; };
		B00E0070 /* HomeView.swift in Sources */ = {isa = PBXBuildFile; fileRef = B00E0071 /* HomeView.swift */; };
		B00E00B0 /* AppUpdateChecker.swift in Sources */ = {isa = PBXBuildFile; fileRef = B00E00B1 /* AppUpdateChecker.swift */; };
		B00E00C0 /* HeroArtViews.swift in Sources */ = {isa = PBXBuildFile; fileRef = B00E00C1 /* HeroArtViews.swift */; };
		B00E00F1 /* SteamClientBootstrap.swift in Sources */ = {isa = PBXBuildFile; fileRef = B00E00F2 /* SteamClientBootstrap.swift */; };
		B00F0001 /* SteamSession.swift in Sources */ = {isa = PBXBuildFile; fileRef = B00F0002 /* SteamSession.swift */; };
		B00F0003 /* SteamWindow.swift in Sources */ = {isa = PBXBuildFile; fileRef = B00F0004 /* SteamWindow.swift */; };
		B00F0005 /* Launcher.swift in Sources */ = {isa = PBXBuildFile; fileRef = B00F0006 /* Launcher.swift */; };
		B00G0001 /* SteamSessionBackup.swift in Sources */ = {isa = PBXBuildFile; fileRef = B00G0002 /* SteamSessionBackup.swift */; };
		B00H0001 /* SteamCredentialAuth.swift in Sources */ = {isa = PBXBuildFile; fileRef = B00H0002 /* SteamCredentialAuth.swift */; };
		B4F5F3E797836CF9DA50A859 /* GameCompatibilityDB+Custom.swift in Sources */ = {isa = PBXBuildFile; fileRef = 3BF608482E3FAC1C99244185 /* GameCompatibilityDB+Custom.swift */; };
		7D0D0A11C0DE4450800A0001 /* GameCompatibilityDB+Godot.swift in Sources */ = {isa = PBXBuildFile; fileRef = 7D0D0A22C0DE4450800A0002 /* GameCompatibilityDB+Godot.swift */; };
		D1D8B7DD549091BB2876CCA0 /* MeridianLog.swift in Sources */ = {isa = PBXBuildFile; fileRef = EE30B92B1C3871B6B2870750 /* MeridianLog.swift */; };
		D2D4DECBBBDF414CAD07A818 /* GameCompatibilityDB+Source.swift in Sources */ = {isa = PBXBuildFile; fileRef = 2352BE5CC5DF464F94E831C5 /* GameCompatibilityDB+Source.swift */; };
		DF364F39F87A4CEA949C0F22 /* MeridianNotifications.swift in Sources */ = {isa = PBXBuildFile; fileRef = 37A6859B8A6D4761825E4A44 /* MeridianNotifications.swift */; };
		E20520A6AF6648F0BC6B1C00 /* GameLogFile.swift in Sources */ = {isa = PBXBuildFile; fileRef = E20520A6AF6648F0BC6B1C01 /* GameLogFile.swift */; };
		A7C4E1F200000001 /* GamePerformanceMonitor.swift in Sources */ = {isa = PBXBuildFile; fileRef = A7C4E1F200000002 /* GamePerformanceMonitor.swift */; };
		A7C4E1F200000003 /* GameCompatibilityDB+Unreal.swift in Sources */ = {isa = PBXBuildFile; fileRef = A7C4E1F200000004 /* GameCompatibilityDB+Unreal.swift */; };
/* End PBXBuildFile section */

/* Begin PBXFileReference section */
		2352BE5CC5DF464F94E831C5 /* GameCompatibilityDB+Source.swift */ = {isa = PBXFileReference; includeInIndex = 1; lastKnownFileType = sourcecode.swift; path = "GameCompatibilityDB+Source.swift"; sourceTree = "<group>"; };
		341C6A1510D9175DA42109B1 /* GameCompatibilityDB+Unity.swift */ = {isa = PBXFileReference; includeInIndex = 1; lastKnownFileType = sourcecode.swift; path = "GameCompatibilityDB+Unity.swift"; sourceTree = "<group>"; };
		37A6859B8A6D4761825E4A44 /* MeridianNotifications.swift */ = {isa = PBXFileReference; includeInIndex = 1; lastKnownFileType = sourcecode.swift; path = MeridianNotifications.swift; sourceTree = "<group>"; };
		3BF608482E3FAC1C99244185 /* GameCompatibilityDB+Custom.swift */ = {isa = PBXFileReference; includeInIndex = 1; lastKnownFileType = sourcecode.swift; path = "GameCompatibilityDB+Custom.swift"; sourceTree = "<group>"; };
		7D0D0A22C0DE4450800A0002 /* GameCompatibilityDB+Godot.swift */ = {isa = PBXFileReference; includeInIndex = 1; lastKnownFileType = sourcecode.swift; path = "GameCompatibilityDB+Godot.swift"; sourceTree = "<group>"; };
		46B315635523C0CF2D44F9BA /* CategoryStore.swift */ = {isa = PBXFileReference; includeInIndex = 1; lastKnownFileType = sourcecode.swift; path = CategoryStore.swift; sourceTree = "<group>"; };
		4F62085FF69F4F208309DA56 /* SplashView.swift */ = {isa = PBXFileReference; lastKnownFileType = sourcecode.swift; path = SplashView.swift; sourceTree = "<group>"; };
		A66F49292F6617F1005601F4 /* app-icon.icon */ = {isa = PBXFileReference; lastKnownFileType = folder.iconcomposer.icon; path = "app-icon.icon"; sourceTree = "<group>"; };
		AA00000001000002 /* GameCompatibilityDB.swift */ = {isa = PBXFileReference; lastKnownFileType = sourcecode.swift; path = GameCompatibilityDB.swift; sourceTree = "<group>"; };
		AA00000002000002 /* GameStackResolver.swift */ = {isa = PBXFileReference; lastKnownFileType = sourcecode.swift; path = GameStackResolver.swift; sourceTree = "<group>"; };
		B001000B /* MeridianApp.swift */ = {isa = PBXFileReference; lastKnownFileType = sourcecode.swift; path = MeridianApp.swift; sourceTree = "<group>"; };
		B001000D /* AppDelegate.swift */ = {isa = PBXFileReference; lastKnownFileType = sourcecode.swift; path = AppDelegate.swift; sourceTree = "<group>"; };
		B001000F /* SteamAuthService.swift */ = {isa = PBXFileReference; lastKnownFileType = sourcecode.swift; path = SteamAuthService.swift; sourceTree = "<group>"; };
		B0010011 /* SteamAPIService.swift */ = {isa = PBXFileReference; lastKnownFileType = sourcecode.swift; path = SteamAPIService.swift; sourceTree = "<group>"; };
		B0010013 /* SteamLibraryStore.swift */ = {isa = PBXFileReference; lastKnownFileType = sourcecode.swift; path = SteamLibraryStore.swift; sourceTree = "<group>"; };
		B0010015 /* Game.swift */ = {isa = PBXFileReference; lastKnownFileType = sourcecode.swift; path = Game.swift; sourceTree = "<group>"; };
		B0010017 /* PlayerSummary.swift */ = {isa = PBXFileReference; lastKnownFileType = sourcecode.swift; path = PlayerSummary.swift; sourceTree = "<group>"; };
		B0010025 /* ContentView.swift */ = {isa = PBXFileReference; lastKnownFileType = sourcecode.swift; path = ContentView.swift; sourceTree = "<group>"; };
		B0010027 /* LibraryView.swift */ = {isa = PBXFileReference; lastKnownFileType = sourcecode.swift; path = LibraryView.swift; sourceTree = "<group>"; };
		B0010029 /* GameGridView.swift */ = {isa = PBXFileReference; lastKnownFileType = sourcecode.swift; path = GameGridView.swift; sourceTree = "<group>"; };
		B001002B /* GameDetailView.swift */ = {isa = PBXFileReference; lastKnownFileType = sourcecode.swift; path = GameDetailView.swift; sourceTree = "<group>"; };
		B0010031 /* SettingsView.swift */ = {isa = PBXFileReference; lastKnownFileType = sourcecode.swift; path = SettingsView.swift; sourceTree = "<group>"; };
		B0010033 /* AuthView.swift */ = {isa = PBXFileReference; lastKnownFileType = sourcecode.swift; path = AuthView.swift; sourceTree = "<group>"; };
		B0010035 /* AppSettings.swift */ = {isa = PBXFileReference; lastKnownFileType = sourcecode.swift; path = AppSettings.swift; sourceTree = "<group>"; };
		B0010035B /* AppDetails.swift */ = {isa = PBXFileReference; lastKnownFileType = sourcecode.swift; path = AppDetails.swift; sourceTree = "<group>"; };
		B0010036B /* GameAchievement.swift */ = {isa = PBXFileReference; lastKnownFileType = sourcecode.swift; path = GameAchievement.swift; sourceTree = "<group>"; };
		B0010037 /* Assets.xcassets */ = {isa = PBXFileReference; lastKnownFileType = folder.assetcatalog; path = Assets.xcassets; sourceTree = "<group>"; };
		B0010039 /* Meridian.entitlements */ = {isa = PBXFileReference; lastKnownFileType = text.plist.entitlements; path = Meridian.entitlements; sourceTree = "<group>"; };
		B001003A /* Info.plist */ = {isa = PBXFileReference; lastKnownFileType = text.plist.xml; path = Info.plist; sourceTree = "<group>"; };
		B001003B /* Meridian.app */ = {isa = PBXFileReference; explicitFileType = wrapper.application; includeInIndex = 0; path = Meridian.app; sourceTree = BUILT_PRODUCTS_DIR; };
		B001003C /* Package.swift */ = {isa = PBXFileReference; lastKnownFileType = sourcecode.swift; name = Package.swift; path = ../Package.swift; sourceTree = "<group>"; };
		B00A0002 /* GameArtOverrides.swift */ = {isa = PBXFileReference; lastKnownFileType = sourcecode.swift; path = GameArtOverrides.swift; sourceTree = "<group>"; };
		B00AI002 /* SteamAppInfoResolver.swift */ = {isa = PBXFileReference; lastKnownFileType = sourcecode.swift; path = SteamAppInfoResolver.swift; sourceTree = "<group>"; };
		B00D0002 /* DownloadsToolbarButton.swift */ = {isa = PBXFileReference; lastKnownFileType = sourcecode.swift; path = DownloadsToolbarButton.swift; sourceTree = "<group>"; };
		7D0F0A22ABCDEF0000000002 /* FriendsPanel.swift */ = {isa = PBXFileReference; lastKnownFileType = sourcecode.swift; path = FriendsPanel.swift; sourceTree = "<group>"; };
		B00DD002 /* DepotDownloaderInstall.swift */ = {isa = PBXFileReference; lastKnownFileType = sourcecode.swift; path = DepotDownloaderInstall.swift; sourceTree = "<group>"; };
		B00E0002 /* WineEngine.swift */ = {isa = PBXFileReference; lastKnownFileType = sourcecode.swift; path = WineEngine.swift; sourceTree = "<group>"; };
		B00E0004 /* WinePrefix.swift */ = {isa = PBXFileReference; lastKnownFileType = sourcecode.swift; path = WinePrefix.swift; sourceTree = "<group>"; };
		B00E0008 /* GameProcess.swift */ = {isa = PBXFileReference; lastKnownFileType = sourcecode.swift; path = GameProcess.swift; sourceTree = "<group>"; };
		B00E000A /* EngineSetupView.swift */ = {isa = PBXFileReference; lastKnownFileType = sourcecode.swift; path = EngineSetupView.swift; sourceTree = "<group>"; };
		B00E0021 /* CachedAsyncImage.swift */ = {isa = PBXFileReference; lastKnownFileType = sourcecode.swift; path = CachedAsyncImage.swift; sourceTree = "<group>"; };
		B0DE0002 /* DetailTransition.swift */ = {isa = PBXFileReference; lastKnownFileType = sourcecode.swift; path = DetailTransition.swift; sourceTree = "<group>"; };
		B0DE0004 /* DetailZoomTuning.swift */ = {isa = PBXFileReference; lastKnownFileType = sourcecode.swift; path = DetailZoomTuning.swift; sourceTree = "<group>"; };
		B00E0031 /* EngineDownloader.swift */ = {isa = PBXFileReference; lastKnownFileType = sourcecode.swift; path = EngineDownloader.swift; sourceTree = "<group>"; };
		B00E0041 /* TerminationCleanup.swift */ = {isa = PBXFileReference; lastKnownFileType = sourcecode.swift; path = TerminationCleanup.swift; sourceTree = "<group>"; };
		B00E0051 /* SearchView.swift */ = {isa = PBXFileReference; lastKnownFileType = sourcecode.swift; path = SearchView.swift; sourceTree = "<group>"; };
		B00E0061 /* SteamWebView.swift */ = {isa = PBXFileReference; lastKnownFileType = sourcecode.swift; path = SteamWebView.swift; sourceTree = "<group>"; };
		B00E0071 /* HomeView.swift */ = {isa = PBXFileReference; lastKnownFileType = sourcecode.swift; path = HomeView.swift; sourceTree = "<group>"; };
		B00E00B1 /* AppUpdateChecker.swift */ = {isa = PBXFileReference; lastKnownFileType = sourcecode.swift; path = AppUpdateChecker.swift; sourceTree = "<group>"; };
		B00E00C1 /* HeroArtViews.swift */ = {isa = PBXFileReference; lastKnownFileType = sourcecode.swift; path = HeroArtViews.swift; sourceTree = "<group>"; };
		B00E00F2 /* SteamClientBootstrap.swift */ = {isa = PBXFileReference; lastKnownFileType = sourcecode.swift; path = SteamClientBootstrap.swift; sourceTree = "<group>"; };
		B00F0002 /* SteamSession.swift */ = {isa = PBXFileReference; lastKnownFileType = sourcecode.swift; path = SteamSession.swift; sourceTree = "<group>"; };
		B00F0004 /* SteamWindow.swift */ = {isa = PBXFileReference; lastKnownFileType = sourcecode.swift; path = SteamWindow.swift; sourceTree = "<group>"; };
		B00F0006 /* Launcher.swift */ = {isa = PBXFileReference; lastKnownFileType = sourcecode.swift; path = Launcher.swift; sourceTree = "<group>"; };
		B00G0002 /* SteamSessionBackup.swift */ = {isa = PBXFileReference; lastKnownFileType = sourcecode.swift; path = SteamSessionBackup.swift; sourceTree = "<group>"; };
		B00H0002 /* SteamCredentialAuth.swift */ = {isa = PBXFileReference; lastKnownFileType = sourcecode.swift; path = SteamCredentialAuth.swift; sourceTree = "<group>"; };
		D4965BA889D288764428E3E5 /* GameProfile.swift */ = {isa = PBXFileReference; includeInIndex = 1; lastKnownFileType = sourcecode.swift; path = GameProfile.swift; sourceTree = "<group>"; };
		E20520A6AF6648F0BC6B1C01 /* GameLogFile.swift */ = {isa = PBXFileReference; includeInIndex = 1; lastKnownFileType = sourcecode.swift; path = GameLogFile.swift; sourceTree = "<group>"; };
		A7C4E1F200000002 /* GamePerformanceMonitor.swift */ = {isa = PBXFileReference; includeInIndex = 1; lastKnownFileType = sourcecode.swift; path = GamePerformanceMonitor.swift; sourceTree = "<group>"; };
		A7C4E1F200000004 /* GameCompatibilityDB+Unreal.swift */ = {isa = PBXFileReference; includeInIndex = 1; lastKnownFileType = sourcecode.swift; path = "GameCompatibilityDB+Unreal.swift"; sourceTree = "<group>"; };
		EE30B92B1C3871B6B2870750 /* MeridianLog.swift */ = {isa = PBXFileReference; includeInIndex = 1; lastKnownFileType = sourcecode.swift; path = MeridianLog.swift; sourceTree = "<group>"; };
		EE9307949871471AB0E85285 /* BootstrapManager.swift */ = {isa = PBXFileReference; lastKnownFileType = sourcecode.swift; path = BootstrapManager.swift; sourceTree = "<group>"; };
/* End PBXFileReference section */

/* Begin PBXFrameworksBuildPhase section */
		B0010040 /* Frameworks */ = {
			isa = PBXFrameworksBuildPhase;
			buildActionMask = 2147483647;
			files = (
			);
			runOnlyForDeploymentPostprocessing = 0;
		};
/* End PBXFrameworksBuildPhase section */

/* Begin PBXGroup section */
		B0010041 /* Meridian */ = {
			isa = PBXGroup;
			children = (
				B001003C /* Package.swift */,
				B0010042 /* App */,
				B0010043 /* Steam */,
				B00E0010 /* Engine */,
				B0010045 /* Launch */,
				B0010046 /* Models */,
				B0010047 /* Views */,
				B0010048 /* Resources */,
				B0010039 /* Meridian.entitlements */,
				B001003A /* Info.plist */,
				A66F49292F6617F1005601F4 /* app-icon.icon */,
				C2A0061CF3E30C85E0948901 /* Utilities */,
			);
			path = Meridian;
			sourceTree = "<group>";
		};
		B0010042 /* App */ = {
			isa = PBXGroup;
			children = (
				B001000B /* MeridianApp.swift */,
				B001000D /* AppDelegate.swift */,
				EE9307949871471AB0E85285 /* BootstrapManager.swift */,
			);
			path = App;
			sourceTree = "<group>";
		};
		B0010043 /* Steam */ = {
			isa = PBXGroup;
			children = (
				B001000F /* SteamAuthService.swift */,
				B0010011 /* SteamAPIService.swift */,
				B0010013 /* SteamLibraryStore.swift */,
				B00AI002 /* SteamAppInfoResolver.swift */,
				B00F0002 /* SteamSession.swift */,
				B00G0002 /* SteamSessionBackup.swift */,
				B00F0004 /* SteamWindow.swift */,
				B00H0002 /* SteamCredentialAuth.swift */,
			);
			path = Steam;
			sourceTree = "<group>";
		};
		B0010045 /* Launch */ = {
			isa = PBXGroup;
			children = (
				B00F0006 /* Launcher.swift */,
				B00DD002 /* DepotDownloaderInstall.swift */,
			);
			path = Launch;
			sourceTree = "<group>";
		};
		B0010046 /* Models */ = {
			isa = PBXGroup;
			children = (
				B0010015 /* Game.swift */,
				B00A0002 /* GameArtOverrides.swift */,
				B0010017 /* PlayerSummary.swift */,
				B0010035 /* AppSettings.swift */,
				B0010035B /* AppDetails.swift */,
				B0010036B /* GameAchievement.swift */,
				46B315635523C0CF2D44F9BA /* CategoryStore.swift */,
			);
			path = Models;
			sourceTree = "<group>";
		};
		B0010047 /* Views */ = {
			isa = PBXGroup;
			children = (
				B0010025 /* ContentView.swift */,
				B00E0071 /* HomeView.swift */,
				B0010049 /* Library */,
				B00D0003 /* Downloads */,
				7D0F0A33ABCDEF0000000003 /* Friends */,
				B00E0011 /* Engine */,
				B004004B /* Settings */,
				B004004C /* Auth */,
				4F62085FF69F4F208309DA56 /* SplashView.swift */,
			);
			path = Views;
			sourceTree = "<group>";
		};
		B0010048 /* Resources */ = {
			isa = PBXGroup;
			children = (
				B0010037 /* Assets.xcassets */,
			);
			path = Resources;
			sourceTree = "<group>";
		};
		B0010049 /* Library */ = {
			isa = PBXGroup;
			children = (
				B0010027 /* LibraryView.swift */,
				B00E0051 /* SearchView.swift */,
				B00E0061 /* SteamWebView.swift */,
				B0010029 /* GameGridView.swift */,
				B001002B /* GameDetailView.swift */,
				B00E0021 /* CachedAsyncImage.swift */,
				B0DE0002 /* DetailTransition.swift */,
				B0DE0004 /* DetailZoomTuning.swift */,
				B00E00C1 /* HeroArtViews.swift */,
			);
			path = Library;
			sourceTree = "<group>";
		};
		B0010050 /* Products */ = {
			isa = PBXGroup;
			children = (
				B001003B /* Meridian.app */,
			);
			name = Products;
			sourceTree = "<group>";
		};
		B0010051 = {
			isa = PBXGroup;
			children = (
				B0010041 /* Meridian */,
				B0010050 /* Products */,
			);
			sourceTree = "<group>";
		};
		B004004B /* Settings */ = {
			isa = PBXGroup;
			children = (
				B0010031 /* SettingsView.swift */,
			);
			path = Settings;
			sourceTree = "<group>";
		};
		B004004C /* Auth */ = {
			isa = PBXGroup;
			children = (
				B0010033 /* AuthView.swift */,
			);
			path = Auth;
			sourceTree = "<group>";
		};
		B00D0003 /* Downloads */ = {
			isa = PBXGroup;
			children = (
				B00D0002 /* DownloadsToolbarButton.swift */,
			);
			path = Downloads;
			sourceTree = "<group>";
		};
		7D0F0A33ABCDEF0000000003 /* Friends */ = {
			isa = PBXGroup;
			children = (
				7D0F0A22ABCDEF0000000002 /* FriendsPanel.swift */,
			);
			path = Friends;
			sourceTree = "<group>";
		};
		B00E0010 /* Engine */ = {
			isa = PBXGroup;
			children = (
				B00E0002 /* WineEngine.swift */,
				B00E0031 /* EngineDownloader.swift */,
				B00E00F2 /* SteamClientBootstrap.swift */,
				B00E00B1 /* AppUpdateChecker.swift */,
				B00E0004 /* WinePrefix.swift */,
				B00E0008 /* GameProcess.swift */,
				AA00000001000002 /* GameCompatibilityDB.swift */,
				AA00000002000002 /* GameStackResolver.swift */,
				B00E0041 /* TerminationCleanup.swift */,
				D4965BA889D288764428E3E5 /* GameProfile.swift */,
				341C6A1510D9175DA42109B1 /* GameCompatibilityDB+Unity.swift */,
				3BF608482E3FAC1C99244185 /* GameCompatibilityDB+Custom.swift */,
				7D0D0A22C0DE4450800A0002 /* GameCompatibilityDB+Godot.swift */,
				2352BE5CC5DF464F94E831C5 /* GameCompatibilityDB+Source.swift */,
				A7C4E1F200000004 /* GameCompatibilityDB+Unreal.swift */,
			);
			path = Engine;
			sourceTree = "<group>";
		};
		B00E0011 /* Engine */ = {
			isa = PBXGroup;
			children = (
				B00E000A /* EngineSetupView.swift */,
			);
			path = Engine;
			sourceTree = "<group>";
		};
		C2A0061CF3E30C85E0948901 /* Utilities */ = {
			isa = PBXGroup;
			children = (
				EE30B92B1C3871B6B2870750 /* MeridianLog.swift */,
				37A6859B8A6D4761825E4A44 /* MeridianNotifications.swift */,
				E20520A6AF6648F0BC6B1C01 /* GameLogFile.swift */,
				A7C4E1F200000002 /* GamePerformanceMonitor.swift */,
			);
			path = Utilities;
			sourceTree = "<group>";
		};
/* End PBXGroup section */

/* Begin PBXNativeTarget section */
		B0010060 /* Meridian */ = {
			isa = PBXNativeTarget;
			buildConfigurationList = B0010070 /* Build configuration list for PBXNativeTarget "Meridian" */;
			buildPhases = (
				B001DDA1 /* Build meridian-dpapi.exe */,
				B001DDA2 /* Build meridian-wine-accessory.dylib */,
				B0010061 /* Sources */,
				B0010040 /* Frameworks */,
				B0010062 /* Resources */,
			);
			buildRules = (
			);
			dependencies = (
			);
			name = Meridian;
			productName = Meridian;
			productReference = B001003B /* Meridian.app */;
			productType = "com.apple.product-type.application";
		};
/* End PBXNativeTarget section */

/* Begin PBXProject section */
		B0010080 /* Project object */ = {
			isa = PBXProject;
			attributes = {
				BuildIndependentTargetsInParallel = 1;
				LastSwiftUpdateCheck = 1600;
				LastUpgradeCheck = 2700;
				TargetAttributes = {
					B0010060 = {
						CreatedOnToolsVersion = 16.0;
					};
				};
			};
			buildConfigurationList = B0010090 /* Build configuration list for PBXProject "Meridian" */;
			compatibilityVersion = "Xcode 14.0";
			developmentRegion = en;
			hasScannedForEncodings = 0;
			knownRegions = (
				en,
				Base,
			);
			mainGroup = B0010051;
			productRefGroup = B0010050 /* Products */;
			projectDirPath = "";
			projectRoot = "";
			targets = (
				B0010060 /* Meridian */,
			);
		};
/* End PBXProject section */

/* Begin PBXResourcesBuildPhase section */
		B0010062 /* Resources */ = {
			isa = PBXResourcesBuildPhase;
			buildActionMask = 2147483647;
			files = (
				A66F492A2F6617F1005601F4 /* app-icon.icon in Resources */,
				B0010036 /* Assets.xcassets in Resources */,
			);
			runOnlyForDeploymentPostprocessing = 0;
		};
/* End PBXResourcesBuildPhase section */

/* Begin PBXShellScriptBuildPhase section */
		B001DDA1 /* Build meridian-dpapi.exe */ = {
			isa = PBXShellScriptBuildPhase;
			alwaysOutOfDate = 1;
			buildActionMask = 2147483647;
			files = (
			);
			inputFileListPaths = (
			);
			inputPaths = (
				"$(SRCROOT)/Scripts/dpapi/meridian_dpapi.c",
				"$(SRCROOT)/Scripts/build-dpapi.sh",
			);
			name = "Build meridian-dpapi.exe";
			outputFileListPaths = (
			);
			outputPaths = (
				"$(BUILT_PRODUCTS_DIR)/$(CONTENTS_FOLDER_PATH)/Resources/meridian-dpapi.exe",
			);
			runOnlyForDeploymentPostprocessing = 0;
			shellPath = /bin/bash;
			shellScript = "# Build meridian-dpapi.exe (Wine CryptProtectData wrapper) into the app bundle\n# Resources so the app can copy it into the engine at runtime if it's missing.\n# This protects the DPAPI-based auto-login path from engine auto-refreshes that\n# wipe wine/share/meridian/ before a new engine tarball has been published.\nexport PATH=\"/opt/homebrew/bin:/usr/local/bin:$PATH\"\nmkdir -p \"${BUILT_PRODUCTS_DIR}/${CONTENTS_FOLDER_PATH}/Resources\"\nbash \"${SRCROOT}/Scripts/build-dpapi.sh\" \"${BUILT_PRODUCTS_DIR}/${CONTENTS_FOLDER_PATH}/Resources/meridian-dpapi.exe\"\n";
		};
		B001DDA2 /* Build meridian-wine-accessory.dylib */ = {
			isa = PBXShellScriptBuildPhase;
			alwaysOutOfDate = 1;
			buildActionMask = 2147483647;
			files = (
			);
			inputFileListPaths = (
			);
			inputPaths = (
				"$(SRCROOT)/Scripts/wine-accessory/meridian_wine_accessory.m",
				"$(SRCROOT)/Scripts/build-wine-accessory.sh",
			);
			name = "Build meridian-wine-accessory.dylib";
			outputFileListPaths = (
			);
			outputPaths = (
				"$(BUILT_PRODUCTS_DIR)/$(CONTENTS_FOLDER_PATH)/Resources/meridian-wine-accessory.dylib",
			);
			runOnlyForDeploymentPostprocessing = 0;
			shellPath = /bin/bash;
			shellScript = "# Build meridian-wine-accessory.dylib — DYLD_INSERT_LIBRARIES payload that\n# demotes every Wine subprocess to NSApplicationActivationPolicyAccessory,\n# preventing Dock tiles and self-activation for download-complete toasts.\n# See Scripts/wine-accessory/meridian_wine_accessory.m for the full rationale.\nmkdir -p \"${BUILT_PRODUCTS_DIR}/${CONTENTS_FOLDER_PATH}/Resources\"\nbash \"${SRCROOT}/Scripts/build-wine-accessory.sh\" \"${BUILT_PRODUCTS_DIR}/${CONTENTS_FOLDER_PATH}/Resources/meridian-wine-accessory.dylib\"\n";
		};
/* End PBXShellScriptBuildPhase section */

/* Begin PBXSourcesBuildPhase section */
		B0010061 /* Sources */ = {
			isa = PBXSourcesBuildPhase;
			buildActionMask = 2147483647;
			files = (
				B001000A /* MeridianApp.swift in Sources */,
				B001000C /* AppDelegate.swift in Sources */,
				B001000E /* SteamAuthService.swift in Sources */,
				B0010010 /* SteamAPIService.swift in Sources */,
				B0010012 /* SteamLibraryStore.swift in Sources */,
				B00AI001 /* SteamAppInfoResolver.swift in Sources */,
				B0010014 /* Game.swift in Sources */,
				B0010016 /* PlayerSummary.swift in Sources */,
				B00E0001 /* WineEngine.swift in Sources */,
				B00E0003 /* WinePrefix.swift in Sources */,
				B00E0007 /* GameProcess.swift in Sources */,
				B00F0001 /* SteamSession.swift in Sources */,
				B00G0001 /* SteamSessionBackup.swift in Sources */,
				B00F0003 /* SteamWindow.swift in Sources */,
				B00H0001 /* SteamCredentialAuth.swift in Sources */,
				B00F0005 /* Launcher.swift in Sources */,
				B00DD001 /* DepotDownloaderInstall.swift in Sources */,
				AA00000001000001 /* GameCompatibilityDB.swift in Sources */,
				AA00000002000001 /* GameStackResolver.swift in Sources */,
				B0010024 /* ContentView.swift in Sources */,
				B0010026 /* LibraryView.swift in Sources */,
				B0010028 /* GameGridView.swift in Sources */,
				B001002A /* GameDetailView.swift in Sources */,
				B00E00C0 /* HeroArtViews.swift in Sources */,
				B00E0009 /* EngineSetupView.swift in Sources */,
				B00E0020 /* CachedAsyncImage.swift in Sources */,
				B0DE0001 /* DetailTransition.swift in Sources */,
				B0DE0003 /* DetailZoomTuning.swift in Sources */,
				B0010030 /* SettingsView.swift in Sources */,
				B0010032 /* AuthView.swift in Sources */,
				B0010034 /* AppSettings.swift in Sources */,
				B0010035A /* AppDetails.swift in Sources */,
				B0010036A /* GameAchievement.swift in Sources */,
				B00E0030 /* EngineDownloader.swift in Sources */,
				B00E00F1 /* SteamClientBootstrap.swift in Sources */,
				B00E00B0 /* AppUpdateChecker.swift in Sources */,
				B00E0040 /* TerminationCleanup.swift in Sources */,
				B00E0050 /* SearchView.swift in Sources */,
				B00D0001 /* DownloadsToolbarButton.swift in Sources */,
				7D0F0A11ABCDEF0000000001 /* FriendsPanel.swift in Sources */,
				B00E0060 /* SteamWebView.swift in Sources */,
				31BBDC1F93444D77B811A589 /* BootstrapManager.swift in Sources */,
				9005918A74DB42729238EB11 /* SplashView.swift in Sources */,
				B00E0070 /* HomeView.swift in Sources */,
				893C6023DF3C41F9A6624B1D /* CategoryStore.swift in Sources */,
				B00A0001 /* GameArtOverrides.swift in Sources */,
				D1D8B7DD549091BB2876CCA0 /* MeridianLog.swift in Sources */,
				DF364F39F87A4CEA949C0F22 /* MeridianNotifications.swift in Sources */,
				E20520A6AF6648F0BC6B1C00 /* GameLogFile.swift in Sources */,
				8B0812FC6BBB07573ED3A149 /* GameProfile.swift in Sources */,
				22514C5D01E68E0515FA9EAA /* GameCompatibilityDB+Unity.swift in Sources */,
				B4F5F3E797836CF9DA50A859 /* GameCompatibilityDB+Custom.swift in Sources */,
				7D0D0A11C0DE4450800A0001 /* GameCompatibilityDB+Godot.swift in Sources */,
				D2D4DECBBBDF414CAD07A818 /* GameCompatibilityDB+Source.swift in Sources */,
				A7C4E1F200000001 /* GamePerformanceMonitor.swift in Sources */,
				A7C4E1F200000003 /* GameCompatibilityDB+Unreal.swift in Sources */,
			);
			runOnlyForDeploymentPostprocessing = 0;
		};
/* End PBXSourcesBuildPhase section */

/* Begin XCBuildConfiguration section */
		B0010071 /* Debug */ = {
			isa = XCBuildConfiguration;
			buildSettings = {
				ALWAYS_SEARCH_USER_PATHS = NO;
				ASSETCATALOG_COMPILER_APPICON_NAME = "app-icon";
				ASSETCATALOG_COMPILER_GLOBAL_ACCENT_COLOR_NAME = AccentColor;
				ASSETCATALOG_COMPILER_INCLUDE_ALL_APPICON_ASSETS = YES;
				CODE_SIGN_ENTITLEMENTS = Meridian/Meridian.entitlements;
				CODE_SIGN_STYLE = Automatic;
				COMBINE_HIDPI_IMAGES = YES;
				CURRENT_PROJECT_VERSION = 18;
				DEAD_CODE_STRIPPING = YES;
				DEBUG_INFORMATION_FORMAT = dwarf;
				ENABLE_APP_SANDBOX = NO;
				ENABLE_HARDENED_RUNTIME = YES;
				ENABLE_PREVIEWS = YES;
				GCC_C_LANGUAGE_STANDARD = gnu17;
				GCC_DYNAMIC_NO_PIC = NO;
				GCC_OPTIMIZATION_LEVEL = 0;
				GCC_PREPROCESSOR_DEFINITIONS = (
					"DEBUG=1",
					"$(inherited)",
				);
				INFOPLIST_FILE = Meridian/Info.plist;
				IPHONEOS_DEPLOYMENT_TARGET = "";
				LD_RUNPATH_SEARCH_PATHS = (
					"$(inherited)",
					"@executable_path/../Frameworks",
				);
				MACOSX_DEPLOYMENT_TARGET = 15.0;
				MARKETING_VERSION = 0.11.1;
				ONLY_ACTIVE_ARCH = YES;
				PRODUCT_BUNDLE_IDENTIFIER = com.meridian.app;
				PRODUCT_NAME = "$(TARGET_NAME)";
				RUNTIME_EXCEPTION_ALLOW_JIT = YES;
				SWIFT_ACTIVE_COMPILATION_CONDITIONS = DEBUG;
				SWIFT_EMIT_LOC_STRINGS = YES;
				SWIFT_OPTIMIZATION_LEVEL = "-Onone";
				SWIFT_VERSION = 6.0;
			};
			name = Debug;
		};
		B0010072 /* Release */ = {
			isa = XCBuildConfiguration;
			buildSettings = {
				ALWAYS_SEARCH_USER_PATHS = NO;
				ASSETCATALOG_COMPILER_APPICON_NAME = "app-icon";
				ASSETCATALOG_COMPILER_GLOBAL_ACCENT_COLOR_NAME = AccentColor;
				ASSETCATALOG_COMPILER_INCLUDE_ALL_APPICON_ASSETS = YES;
				CODE_SIGN_ENTITLEMENTS = Meridian/Meridian.entitlements;
				CODE_SIGN_STYLE = Automatic;
				COMBINE_HIDPI_IMAGES = YES;
				CURRENT_PROJECT_VERSION = 18;
				DEAD_CODE_STRIPPING = YES;
				ENABLE_APP_SANDBOX = NO;
				ENABLE_HARDENED_RUNTIME = YES;
				ENABLE_PREVIEWS = YES;
				GCC_C_LANGUAGE_STANDARD = gnu17;
				INFOPLIST_FILE = Meridian/Info.plist;
				LD_RUNPATH_SEARCH_PATHS = (
					"$(inherited)",
					"@executable_path/../Frameworks",
				);
				MACOSX_DEPLOYMENT_TARGET = 15.0;
				MARKETING_VERSION = 0.11.1;
				PRODUCT_BUNDLE_IDENTIFIER = com.meridian.app;
				PRODUCT_NAME = "$(TARGET_NAME)";
				RUNTIME_EXCEPTION_ALLOW_JIT = YES;
				SWIFT_EMIT_LOC_STRINGS = YES;
				SWIFT_OPTIMIZATION_LEVEL = "-O";
				SWIFT_VERSION = 6.0;
			};
			name = Release;
		};
		B0010091 /* Debug */ = {
			isa = XCBuildConfiguration;
			buildSettings = {
				ALWAYS_SEARCH_USER_PATHS = NO;
				CLANG_ANALYZER_NONNULL = YES;
				CLANG_ANALYZER_NUMBER_OBJECT_CONVERSION = YES_AGGRESSIVE;
				CLANG_CXX_LANGUAGE_STANDARD = "gnu++20";
				CLANG_ENABLE_MODULES = YES;
				CLANG_ENABLE_OBJC_ARC = YES;
				CLANG_ENABLE_OBJC_WEAK = YES;
				CLANG_WARN_BLOCK_CAPTURE_AUTORELEASING = YES;
				CLANG_WARN_BOOL_CONVERSION = YES;
				CLANG_WARN_COMMA = YES;
				CLANG_WARN_CONSTANT_CONVERSION = YES;
				CLANG_WARN_DEPRECATED_OBJC_IMPLEMENTATIONS = YES;
				CLANG_WARN_DIRECT_OBJC_ISA_USAGE = YES_ERROR;
				CLANG_WARN_DOCUMENTATION_COMMENTS = YES;
				CLANG_WARN_EMPTY_BODY = YES;
				CLANG_WARN_ENUM_CONVERSION = YES;
				CLANG_WARN_INFINITE_RECURSION = YES;
				CLANG_WARN_INT_CONVERSION = YES;
				CLANG_WARN_NON_LITERAL_NULL_CONVERSION = YES;
				CLANG_WARN_OBJC_IMPLICIT_RETAIN_CYCLES = YES;
				CLANG_WARN_OBJC_IMPLICIT_RETAIN_SELF = YES;
				CLANG_WARN_OBJC_LITERAL_CONVERSION = YES;
				CLANG_WARN_OBJC_ROOT_CLASS = YES_ERROR;
				CLANG_WARN_QUOTED_INCLUDE_IN_FRAMEWORK_HEADER = YES;
				CLANG_WARN_RANGE_LOOP_ANALYSIS = YES;
				CLANG_WARN_STRICT_PROTOTYPES = YES;
				CLANG_WARN_SUSPICIOUS_MOVE = YES;
				CLANG_WARN_UNGUARDED_AVAILABILITY = YES_AGGRESSIVE;
				CLANG_WARN_UNREACHABLE_CODE = YES;
				CLANG_WARN__DUPLICATE_METHOD_MATCH = YES;
				COPY_PHASE_STRIP = NO;
				DEAD_CODE_STRIPPING = YES;
				DEBUG_INFORMATION_FORMAT = dwarf;
				DEVELOPMENT_TEAM = V5448GT345;
				ENABLE_STRICT_OBJC_MSGSEND = YES;
				ENABLE_TESTABILITY = YES;
				ENABLE_USER_SCRIPT_SANDBOXING = YES;
				GCC_C_LANGUAGE_STANDARD = gnu17;
				GCC_DYNAMIC_NO_PIC = NO;
				GCC_NO_COMMON_BLOCKS = YES;
				GCC_OPTIMIZATION_LEVEL = 0;
				GCC_PREPROCESSOR_DEFINITIONS = (
					"DEBUG=1",
					"$(inherited)",
				);
				GCC_WARN_64_TO_32_BIT_CONVERSION = YES;
				GCC_WARN_ABOUT_RETURN_TYPE = YES_ERROR;
				GCC_WARN_UNDECLARED_SELECTOR = YES;
				GCC_WARN_UNINITIALIZED_AUTOS = YES_AGGRESSIVE;
				GCC_WARN_UNUSED_FUNCTION = YES;
				GCC_WARN_UNUSED_VARIABLE = YES;
				LOCALIZATION_PREFERS_STRING_CATALOGS = YES;
				MACOSX_DEPLOYMENT_TARGET = 15.0;
				MTL_ENABLE_DEBUG_INFO = INCLUDE_SOURCE;
				MTL_FAST_MATH = YES;
				ONLY_ACTIVE_ARCH = YES;
				SDKROOT = macosx;
				STRING_CATALOG_GENERATE_SYMBOLS = YES;
				SWIFT_ACTIVE_COMPILATION_CONDITIONS = DEBUG;
				SWIFT_OPTIMIZATION_LEVEL = "-Onone";
			};
			name = Debug;
		};
		B0010092 /* Release */ = {
			isa = XCBuildConfiguration;
			buildSettings = {
				ALWAYS_SEARCH_USER_PATHS = NO;
				CLANG_ANALYZER_NONNULL = YES;
				CLANG_ANALYZER_NUMBER_OBJECT_CONVERSION = YES_AGGRESSIVE;
				CLANG_CXX_LANGUAGE_STANDARD = "gnu++20";
				CLANG_ENABLE_MODULES = YES;
				CLANG_ENABLE_OBJC_ARC = YES;
				CLANG_ENABLE_OBJC_WEAK = YES;
				CLANG_WARN_BLOCK_CAPTURE_AUTORELEASING = YES;
				CLANG_WARN_BOOL_CONVERSION = YES;
				CLANG_WARN_COMMA = YES;
				CLANG_WARN_CONSTANT_CONVERSION = YES;
				CLANG_WARN_DEPRECATED_OBJC_IMPLEMENTATIONS = YES;
				CLANG_WARN_DIRECT_OBJC_ISA_USAGE = YES_ERROR;
				CLANG_WARN_DOCUMENTATION_COMMENTS = YES;
				CLANG_WARN_EMPTY_BODY = YES;
				CLANG_WARN_ENUM_CONVERSION = YES;
				CLANG_WARN_INFINITE_RECURSION = YES;
				CLANG_WARN_INT_CONVERSION = YES;
				CLANG_WARN_NON_LITERAL_NULL_CONVERSION = YES;
				CLANG_WARN_OBJC_IMPLICIT_RETAIN_CYCLES = YES;
				CLANG_WARN_OBJC_IMPLICIT_RETAIN_SELF = YES;
				CLANG_WARN_OBJC_LITERAL_CONVERSION = YES;
				CLANG_WARN_OBJC_ROOT_CLASS = YES_ERROR;
				CLANG_WARN_QUOTED_INCLUDE_IN_FRAMEWORK_HEADER = YES;
				CLANG_WARN_RANGE_LOOP_ANALYSIS = YES;
				CLANG_WARN_STRICT_PROTOTYPES = YES;
				CLANG_WARN_SUSPICIOUS_MOVE = YES;
				CLANG_WARN_UNGUARDED_AVAILABILITY = YES_AGGRESSIVE;
				CLANG_WARN_UNREACHABLE_CODE = YES;
				CLANG_WARN__DUPLICATE_METHOD_MATCH = YES;
				COPY_PHASE_STRIP = NO;
				DEAD_CODE_STRIPPING = YES;
				DEBUG_INFORMATION_FORMAT = "dwarf-with-dsym";
				DEVELOPMENT_TEAM = V5448GT345;
				ENABLE_NS_ASSERTIONS = NO;
				ENABLE_STRICT_OBJC_MSGSEND = YES;
				ENABLE_USER_SCRIPT_SANDBOXING = YES;
				GCC_C_LANGUAGE_STANDARD = gnu17;
				GCC_NO_COMMON_BLOCKS = YES;
				GCC_WARN_64_TO_32_BIT_CONVERSION = YES;
				GCC_WARN_ABOUT_RETURN_TYPE = YES_ERROR;
				GCC_WARN_UNDECLARED_SELECTOR = YES;
				GCC_WARN_UNINITIALIZED_AUTOS = YES_AGGRESSIVE;
				GCC_WARN_UNUSED_FUNCTION = YES;
				GCC_WARN_UNUSED_VARIABLE = YES;
				LOCALIZATION_PREFERS_STRING_CATALOGS = YES;
				MACOSX_DEPLOYMENT_TARGET = 15.0;
				MTL_ENABLE_DEBUG_INFO = NO;
				MTL_FAST_MATH = YES;
				SDKROOT = macosx;
				STRING_CATALOG_GENERATE_SYMBOLS = YES;
				SWIFT_COMPILATION_MODE = wholemodule;
				SWIFT_OPTIMIZATION_LEVEL = "-O";
			};
			name = Release;
		};
/* End XCBuildConfiguration section */

/* Begin XCConfigurationList section */
		B0010070 /* Build configuration list for PBXNativeTarget "Meridian" */ = {
			isa = XCConfigurationList;
			buildConfigurations = (
				B0010071 /* Debug */,
				B0010072 /* Release */,
			);
			defaultConfigurationIsVisible = 0;
			defaultConfigurationName = Release;
		};
		B0010090 /* Build configuration list for PBXProject "Meridian" */ = {
			isa = XCConfigurationList;
			buildConfigurations = (
				B0010091 /* Debug */,
				B0010092 /* Release */,
			);
			defaultConfigurationIsVisible = 0;
			defaultConfigurationName = Release;
		};
/* End XCConfigurationList section */
	};
	rootObject = B0010080 /* Project object */;
}
